#MicroXplorer Configuration settings - do not modify
ADC1.Channel-0\#ChannelRegularConversion=ADC_CHANNEL_16
ADC1.Channel-1\#ChannelRegularConversion=ADC_CHANNEL_15
ADC1.ClockPrescaler=ADC_CLOCK_ASYNC_DIV4
ADC1.ContinuousConvMode=ENABLE
ADC1.IPParameters=Rank-0\#ChannelRegularConversion,Channel-0\#ChannelRegularConversion,SamplingTime-0\#ChannelRegularConversion,OffsetNumber-0\#ChannelRegularConversion,MonitoredBy-0\#ChannelRegularConversion,NbrOfConversionFlag,Resolution,ClockPrescaler,ContinuousConvMode,master,Rank-1\#ChannelRegularConversion,Channel-1\#ChannelRegularConversion,SamplingTime-1\#ChannelRegularConversion,OffsetNumber-1\#ChannelRegularConversion,MonitoredBy-1\#ChannelRegularConversion,NbrOfConversion
ADC1.MonitoredBy-0\#ChannelRegularConversion=__NULL
ADC1.MonitoredBy-1\#ChannelRegularConversion=__NULL
ADC1.NbrOfConversion=2
ADC1.NbrOfConversionFlag=1
ADC1.OffsetNumber-0\#ChannelRegularConversion=ADC_OFFSET_NONE
ADC1.OffsetNumber-1\#ChannelRegularConversion=ADC_OFFSET_NONE
ADC1.Rank-0\#ChannelRegularConversion=1
ADC1.Rank-1\#ChannelRegularConversion=2
ADC1.Resolution=ADC_RESOLUTION_14B
ADC1.SamplingTime-0\#ChannelRegularConversion=ADC_SAMPLETIME_5CYCLE
ADC1.SamplingTime-1\#ChannelRegularConversion=ADC_SAMPLETIME_391CYCLES_5
ADC1.master=1
CAD.formats=
CAD.pinconfig=
CAD.provider=
CORTEX_M33_NS.userName=CORTEX_M33
FDCAN1.AutoRetransmission=ENABLE
FDCAN1.CalculateBaudRateNominal=250000
FDCAN1.CalculateTimeBitNominal=4000
FDCAN1.CalculateTimeQuantumNominal=500.0
FDCAN1.DataPrescaler=8
FDCAN1.DataTimeSeg1=2
FDCAN1.ExtFiltersNbr=8
FDCAN1.IPParameters=CalculateTimeQuantumNominal,CalculateTimeBitNominal,CalculateBaudRateNominal,AutoRetransmission,DataPrescaler,DataTimeSeg1,NominalPrescaler,NominalTimeSeg1,NominalTimeSeg2,ExtFiltersNbr
FDCAN1.NominalPrescaler=8
FDCAN1.NominalTimeSeg1=4
FDCAN1.NominalTimeSeg2=3
File.Version=6
GPIO.groupedBy=Group By Peripherals
IWDG.IPParameters=Prescaler,Reload
IWDG.Prescaler=IWDG_PRESCALER_16
IWDG.Reload=3999
KeepUserPlacement=false
LTDC.ActiveH=240
LTDC.ActiveW=320
LTDC.Alpha_L0=255
LTDC.IPParameters=ActiveW,ActiveH,Layers,WindowX1_L0,WindowY1_L0,Alpha_L0,ImageWidth_L0,ImageHeight_L0
LTDC.ImageHeight_L0=240
LTDC.ImageWidth_L0=320
LTDC.Layers=0
LTDC.WindowX1_L0=320
LTDC.WindowY1_L0=240
MMTAppRegionsCount=0
MMTConfigApplied=false
Mcu.CPN=STM32U5G7VJT6
Mcu.ContextProject=TrustZoneDisabled
Mcu.Family=STM32U5
Mcu.IP0=ADC1
Mcu.IP1=CORTEX_M33_NS
Mcu.IP10=NVIC
Mcu.IP11=PWR
Mcu.IP12=RCC
Mcu.IP13=SPI1
Mcu.IP14=SYS
Mcu.IP15=TIM1
Mcu.IP16=TIM4
Mcu.IP17=TIM6
Mcu.IP18=TIM7
Mcu.IP19=TIM15
Mcu.IP2=CRC
Mcu.IP3=FDCAN1
Mcu.IP4=ICACHE
Mcu.IP5=IWDG
Mcu.IP6=LPBAM
Mcu.IP7=LPBAMQUEUE
Mcu.IP8=LTDC
Mcu.IP9=MEMORYMAP
Mcu.IPNb=20
Mcu.Name=STM32U5G7VJTx
Mcu.Package=LQFP100
Mcu.Pin0=PE2
Mcu.Pin1=PE3
Mcu.Pin10=PA4
Mcu.Pin11=PA5
Mcu.Pin12=PA7
Mcu.Pin13=PC4
Mcu.Pin14=PC5
Mcu.Pin15=PB0
Mcu.Pin16=PB1
Mcu.Pin17=PB2
Mcu.Pin18=PE7
Mcu.Pin19=PE8
Mcu.Pin2=PE4
Mcu.Pin20=PE9
Mcu.Pin21=PE10
Mcu.Pin22=PE11
Mcu.Pin23=PE12
Mcu.Pin24=PE13
Mcu.Pin25=PE14
Mcu.Pin26=PE15
Mcu.Pin27=PB10
Mcu.Pin28=PB12
Mcu.Pin29=PB13
Mcu.Pin3=PE5
Mcu.Pin30=PB14
Mcu.Pin31=PB15
Mcu.Pin32=PD8
Mcu.Pin33=PD9
Mcu.Pin34=PD10
Mcu.Pin35=PD11
Mcu.Pin36=PD12
Mcu.Pin37=PD13
Mcu.Pin38=PD14
Mcu.Pin39=PD15
Mcu.Pin4=PE6
Mcu.Pin40=PC6
Mcu.Pin41=PC7
Mcu.Pin42=PC8
Mcu.Pin43=PC9
Mcu.Pin44=PA8
Mcu.Pin45=PA9
Mcu.Pin46=PA10
Mcu.Pin47=PA11
Mcu.Pin48=PA12
Mcu.Pin49=PC10
Mcu.Pin5=PC14-OSC32_IN (PC14)
Mcu.Pin50=PC11
Mcu.Pin51=PC12
Mcu.Pin52=PD0
Mcu.Pin53=PD1
Mcu.Pin54=PD2
Mcu.Pin55=PD3
Mcu.Pin56=PD4
Mcu.Pin57=PD5
Mcu.Pin58=PD6
Mcu.Pin59=PD7
Mcu.Pin6=PH0-OSC_IN (PH0)
Mcu.Pin60=PB3 (JTDO/TRACESWO)
Mcu.Pin61=PB4 (NJTRST)
Mcu.Pin62=PB5
Mcu.Pin63=PB6
Mcu.Pin64=PB7
Mcu.Pin65=PB9
Mcu.Pin66=PE0
Mcu.Pin67=PE1
Mcu.Pin68=VP_CRC_VS_CRC
Mcu.Pin69=VP_ICACHE_VS_ICACHE
Mcu.Pin7=PH1-OSC_OUT (PH1)
Mcu.Pin70=VP_IWDG_VS_IWDG
Mcu.Pin71=VP_LPBAMQUEUE_VS_QUEUE
Mcu.Pin72=VP_PWR_VS_SECSignals
Mcu.Pin73=VP_PWR_Vdda
Mcu.Pin74=VP_SYS_VS_Systick
Mcu.Pin75=VP_TIM6_VS_ClockSourceINT
Mcu.Pin76=VP_TIM7_VS_ClockSourceINT
Mcu.Pin77=VP_TIM15_VS_ClockSourceINT
Mcu.Pin78=VP_LPBAM_VS_SIG1
Mcu.Pin79=VP_LPBAM_VS_SIG4
Mcu.Pin8=PA0
Mcu.Pin80=VP_MEMORYMAP_VS_MEMORYMAP
Mcu.Pin81=VP_STMicroelectronics.X-CUBE-TOUCHGFX_VS_GraphicsJjApplication_4.24.0
Mcu.Pin9=PA1
Mcu.PinsNb=82
Mcu.ThirdParty0=STMicroelectronics.X-CUBE-TOUCHGFX.4.24.0
Mcu.ThirdPartyNb=1
Mcu.UserConstants=
Mcu.UserName=STM32U5G7VJTx
MxCube.Version=6.12.0
MxDb.Version=DB.6.0.120
NVIC.BusFault_IRQn=true\:0\:0\:false\:false\:true\:false\:false\:false
NVIC.DebugMonitor_IRQn=true\:0\:0\:false\:false\:true\:false\:false\:false
NVIC.FDCAN1_IT0_IRQn=true\:0\:0\:false\:false\:true\:true\:true\:true
NVIC.FDCAN1_IT1_IRQn=true\:0\:0\:false\:false\:true\:true\:true\:true
NVIC.ForceEnableDMAVector=true
NVIC.HardFault_IRQn=true\:0\:0\:false\:false\:true\:false\:false\:false
NVIC.LTDC_ER_IRQn=true\:0\:0\:false\:false\:true\:true\:true\:true
NVIC.LTDC_IRQn=true\:0\:0\:false\:false\:true\:true\:true\:true
NVIC.MemoryManagement_IRQn=true\:0\:0\:false\:false\:true\:false\:false\:false
NVIC.NonMaskableInt_IRQn=true\:0\:0\:false\:false\:true\:false\:false\:false
NVIC.PendSV_IRQn=true\:0\:0\:false\:false\:true\:false\:false\:false
NVIC.PriorityGroup=NVIC_PRIORITYGROUP_4
NVIC.SPI1_IRQn=true\:0\:0\:false\:false\:true\:true\:true\:true
NVIC.SVCall_IRQn=true\:0\:0\:false\:false\:true\:false\:false\:false
NVIC.SysTick_IRQn=true\:15\:0\:false\:false\:true\:false\:true\:false
NVIC.TIM4_IRQn=true\:0\:0\:false\:false\:true\:true\:true\:true
NVIC.TIM6_IRQn=true\:0\:0\:false\:false\:true\:true\:true\:true
NVIC.TIM7_IRQn=true\:0\:0\:false\:false\:true\:true\:true\:true
NVIC.UsageFault_IRQn=true\:0\:0\:false\:false\:true\:false\:false\:false
PA0.GPIOParameters=GPIO_Label
PA0.GPIO_Label=MOD_BUTTON_SW2
PA0.Locked=true
PA0.Signal=GPIO_Input
PA1.GPIOParameters=GPIO_Label
PA1.GPIO_Label=SET_BUTTON_SW1
PA1.Locked=true
PA1.Signal=GPIO_Input
PA10.GPIOParameters=GPIO_Label
PA10.GPIO_Label=LOW_OUT_PUT_ENABLE
PA10.Locked=true
PA10.Signal=GPIO_Output
PA11.Mode=FDCAN_Activate
PA11.Signal=FDCAN1_RX
PA12.Mode=FDCAN_Activate
PA12.Signal=FDCAN1_TX
PA4.GPIOParameters=GPIO_Label
PA4.GPIO_Label=LED_DRIVER_G1
PA4.Locked=true
PA4.Signal=GPIO_Output
PA5.Locked=true
PA5.Mode=Simplex_Bidirectional_Master
PA5.Signal=SPI1_SCK
PA7.Mode=Simplex_Bidirectional_Master
PA7.Signal=SPI1_MOSI
PA8.GPIOParameters=GPIO_Label
PA8.GPIO_Label=HIGH_OUTPUT _IN
PA8.Locked=true
PA8.Signal=GPIO_Output
PA9.GPIOParameters=GPIO_Label
PA9.GPIO_Label=HIGH_OUTPUT_FAULT
PA9.Locked=true
PA9.Signal=GPIO_Output
PB0.Locked=true
PB0.Mode=IN15-Single-Ended
PB0.Signal=ADC1_IN15
PB1.Mode=IN16-Single-Ended
PB1.Signal=ADC1_IN16
PB10.GPIOParameters=GPIO_Label
PB10.GPIO_Label=I2C_SCL_PIN
PB10.Locked=true
PB10.Signal=GPIO_Output
PB12.GPIOParameters=GPIO_Label
PB12.GPIO_Label=Z0_AnalogMuxWritePIN
PB12.Locked=true
PB12.Signal=GPIO_Output
PB13.Locked=true
PB13.Mode=PWM Generation1 CH1N
PB13.Signal=TIM1_CH1N
PB14.Locked=true
PB14.Signal=S_TIM15_CH1
PB15.GPIOParameters=GPIO_Label
PB15.GPIO_Label=CAN_5V_ENABLE
PB15.Locked=true
PB15.Signal=GPIO_Output
PB2.Mode=RGB888
PB2.Signal=LTDC_B1
PB3\ (JTDO/TRACESWO).GPIOParameters=GPIO_Label
PB3\ (JTDO/TRACESWO).GPIO_Label=TRANS_OIL_TEMP_ENABLE
PB3\ (JTDO/TRACESWO).Locked=true
PB3\ (JTDO/TRACESWO).Signal=GPIO_Output
PB4\ (NJTRST).GPIOParameters=GPIO_Label
PB4\ (NJTRST).GPIO_Label=LDO_ENABLE_PWR
PB4\ (NJTRST).Locked=true
PB4\ (NJTRST).Signal=GPIO_Output
PB5.GPIOParameters=GPIO_Label
PB5.GPIO_Label=S2_MUX
PB5.Locked=true
PB5.Signal=GPIO_Output
PB6.GPIOParameters=GPIO_Label
PB6.GPIO_Label=S1_MUX
PB6.Locked=true
PB6.Signal=GPIO_Output
PB7.GPIOParameters=GPIO_Label
PB7.GPIO_Label=S0_MUX
PB7.Locked=true
PB7.Signal=GPIO_Output
PB9.Locked=true
PB9.Signal=S_TIM4_CH4
PC10.GPIOParameters=GPIO_PuPd,GPIO_Label,GPIO_ModeDefaultOutputPP
PC10.GPIO_Label=MUX_Z3_Write
PC10.GPIO_ModeDefaultOutputPP=GPIO_MODE_OUTPUT_OD
PC10.GPIO_PuPd=GPIO_NOPULL
PC10.Locked=true
PC10.Signal=GPIO_Output
PC11.GPIOParameters=GPIO_Label
PC11.GPIO_Label=Z2_MUX_INPUT_READ
PC11.Locked=true
PC11.Signal=GPIO_Input
PC12.GPIOParameters=GPIO_Label
PC12.GPIO_Label=Z4_MUX_INPUT
PC12.Locked=true
PC12.Signal=GPIO_Input
PC14-OSC32_IN\ (PC14).Mode=LSE-External-Clock-Source
PC14-OSC32_IN\ (PC14).Signal=RCC_OSC32_IN
PC4.GPIOParameters=GPIO_Label
PC4.GPIO_Label=LED_DRIVER_LATCH
PC4.Locked=true
PC4.Signal=GPIO_Output
PC5.GPIOParameters=GPIO_Label
PC5.GPIO_Label=LED_DRIVER_CLR
PC5.Locked=true
PC5.Signal=GPIO_Output
PC6.GPIOParameters=GPIO_Label
PC6.GPIO_Label=LED_DRIVER_G2
PC6.Locked=true
PC6.Signal=GPIO_Output
PC7.GPIOParameters=GPIO_Label
PC7.GPIO_Label=S2
PC7.Locked=true
PC7.Signal=GPIO_Output
PC8.GPIOParameters=GPIO_Label
PC8.GPIO_Label=S1
PC8.Locked=true
PC8.Signal=GPIO_Output
PC9.GPIOParameters=GPIO_Label
PC9.GPIO_Label=S0
PC9.Locked=true
PC9.Signal=GPIO_Output
PD0.Mode=RGB888
PD0.Signal=LTDC_B4
PD1.Mode=RGB888
PD1.Signal=LTDC_B5
PD10.Mode=RGB888
PD10.Signal=LTDC_R5
PD11.Mode=RGB888
PD11.Signal=LTDC_R6
PD12.Mode=RGB888
PD12.Signal=LTDC_R7
PD13.GPIOParameters=GPIO_Label
PD13.GPIO_Label=I2C_SDA_PIN
PD13.Locked=true
PD13.Signal=GPIO_Output
PD14.Mode=RGB888
PD14.Signal=LTDC_B2
PD15.Mode=RGB888
PD15.Signal=LTDC_B3
PD2.GPIOParameters=GPIO_Label
PD2.GPIO_Label=S3_MUX
PD2.Locked=true
PD2.Signal=GPIO_Output
PD3.Mode=RGB888
PD3.Signal=LTDC_CLK
PD4.GPIOParameters=GPIO_Label
PD4.GPIO_Label=LCD_RESET_Pin
PD4.Locked=true
PD4.Signal=GPIO_Output
PD5.GPIOParameters=GPIO_Label
PD5.GPIO_Label=IGN_SENSE
PD5.Locked=true
PD5.Signal=GPIO_Input
PD6.Mode=RGB888
PD6.Signal=LTDC_DE
PD7.GPIOParameters=GPIO_Label
PD7.GPIO_Label=CAN_STB
PD7.Locked=true
PD7.Signal=GPIO_Output
PD8.Mode=RGB888
PD8.Signal=LTDC_R3
PD9.Mode=RGB888
PD9.Signal=LTDC_R4
PE0.Mode=RGB888
PE0.Signal=LTDC_HSYNC
PE1.Locked=true
PE1.Mode=RGB888
PE1.Signal=LTDC_VSYNC
PE10.Mode=RGB888
PE10.Signal=LTDC_G3
PE11.Mode=RGB888
PE11.Signal=LTDC_G4
PE12.Mode=RGB888
PE12.Signal=LTDC_G5
PE13.Mode=RGB888
PE13.Signal=LTDC_G6
PE14.Mode=RGB888
PE14.Signal=LTDC_G7
PE15.Mode=RGB888
PE15.Signal=LTDC_R2
PE2.Mode=RGB888
PE2.Signal=LTDC_R0
PE3.Mode=RGB888
PE3.Signal=LTDC_R1
PE4.Mode=RGB888
PE4.Signal=LTDC_B0
PE5.Mode=RGB888
PE5.Signal=LTDC_G0
PE6.Mode=RGB888
PE6.Signal=LTDC_G1
PE7.Mode=RGB888
PE7.Signal=LTDC_B6
PE8.Mode=RGB888
PE8.Signal=LTDC_B7
PE9.Mode=RGB888
PE9.Signal=LTDC_G2
PH0-OSC_IN\ (PH0).Mode=HSE-External-Oscillator
PH0-OSC_IN\ (PH0).Signal=RCC_OSC_IN
PH1-OSC_OUT\ (PH1).Mode=HSE-External-Oscillator
PH1-OSC_OUT\ (PH1).Signal=RCC_OSC_OUT
PinOutPanel.RotationAngle=0
ProjectManager.AskForMigrate=true
ProjectManager.BackupPrevious=false
ProjectManager.CompilerOptimize=6
ProjectManager.ComputerToolchain=false
ProjectManager.CoupleFile=false
ProjectManager.CustomerFirmwarePackage=
ProjectManager.DefaultFWLocation=true
ProjectManager.DeletePrevious=true
ProjectManager.DeviceId=STM32U5G7VJTx
ProjectManager.FirmwarePackage=STM32Cube FW_U5 V1.6.0
ProjectManager.FreePins=false
ProjectManager.HalAssertFull=false
ProjectManager.HeapSize=0x200
ProjectManager.KeepUserCode=true
ProjectManager.LPBAM.generateCode=
ProjectManager.LastFirmware=true
ProjectManager.LibraryCopy=1
ProjectManager.MainLocation=Core/Src
ProjectManager.NoMain=false
ProjectManager.PreviousToolchain=
ProjectManager.ProjectBuild=false
ProjectManager.ProjectFileName=N3C.ioc
ProjectManager.ProjectName=N3C
ProjectManager.ProjectStructure=
ProjectManager.RegisterCallBack=
ProjectManager.StackSize=0x400
ProjectManager.TargetToolchain=STM32CubeIDE
ProjectManager.ToolChainLocation=
ProjectManager.UAScriptAfterPath=
ProjectManager.UAScriptBeforePath=
ProjectManager.UnderRoot=true
ProjectManager.functionlistsort=1-SystemClock_Config-RCC-false-HAL-false,2-MX_GPIO_Init-GPIO-false-HAL-true,3-MX_ADC1_Init-ADC1-false-HAL-true,4-MX_FDCAN1_Init-FDCAN1-false-HAL-true,5-MX_ICACHE_Init-ICACHE-false-HAL-true,6-MX_IWDG_Init-IWDG-false-HAL-true,7-MX_TIM4_Init-TIM4-false-HAL-true,8-MX_TIM7_Init-TIM7-false-HAL-true,9-MX_TIM15_Init-TIM15-false-HAL-true,10-MX_CRC_Init-CRC-false-HAL-true,11-MX_SPI1_Init-SPI1-false-HAL-true,12-MX_LTDC_Init-LTDC-false-HAL-true,13-MX_TIM1_Init-TIM1-false-HAL-true,14-MX_TIM6_Init-TIM6-false-HAL-true,17-MX_TouchGFX_Init-STMicroelectronics.X-CUBE-TOUCHGFX.4.24.0-false-HAL-false,18-MX_TouchGFX_Process-STMicroelectronics.X-CUBE-TOUCHGFX.4.24.0-false-HAL-false,0-MX_CORTEX_M33_NS_Init-CORTEX_M33_NS-false-HAL-true,0-MX_PWR_Init-PWR-false-HAL-true
RCC.ADCFreq_Value=16000000
RCC.ADF1Freq_Value=64000000
RCC.AHBCLKDivider=RCC_SYSCLK_DIV2
RCC.AHBFreq_Value=64000000
RCC.APB1Freq_Value=64000000
RCC.APB1TimFreq_Value=64000000
RCC.APB2Freq_Value=64000000
RCC.APB2TimFreq_Value=64000000
RCC.APB3Freq_Value=64000000
RCC.CK48Freq_Value=48000000
RCC.CRSFreq_Value=48000000
RCC.CortexFreq_Value=64000000
RCC.DACFreq_Value=32000
RCC.EPOD_VALUE=16000000
RCC.FCLKCortexFreq_Value=64000000
RCC.FDCANClockSelection=RCC_FDCAN1CLKSOURCE_HSE
RCC.FDCANFreq_Value=16000000
RCC.FamilyName=M
RCC.HCLKFreq_Value=64000000
RCC.HSE_VALUE=16000000
RCC.HSI48_VALUE=48000000
RCC.HSI_VALUE=16000000
RCC.I2C1Freq_Value=64000000
RCC.I2C2Freq_Value=64000000
RCC.I2C3Freq_Value=64000000
RCC.I2C4Freq_Value=64000000
RCC.I2C5Freq_Value=64000000
RCC.I2C6Freq_Value=64000000
RCC.IPParameters=ADCFreq_Value,ADF1Freq_Value,AHBCLKDivider,AHBFreq_Value,APB1Freq_Value,APB1TimFreq_Value,APB2Freq_Value,APB2TimFreq_Value,APB3Freq_Value,CK48Freq_Value,CRSFreq_Value,CortexFreq_Value,DACFreq_Value,EPOD_VALUE,FCLKCortexFreq_Value,FDCANClockSelection,FDCANFreq_Value,FamilyName,HCLKFreq_Value,HSE_VALUE,HSI48_VALUE,HSI_VALUE,I2C1Freq_Value,I2C2Freq_Value,I2C3Freq_Value,I2C4Freq_Value,I2C5Freq_Value,I2C6Freq_Value,LPTIM2Freq_Value,LPUART1Freq_Value,LSCOPinFreq_Value,LSE_VALUE,LSIDIV_VALUE,LSI_VALUE,LTDCFreq_Value,MCO1PinFreq_Value,MDF1Freq_Value,MSI_VALUE,OCTOSPIMFreq_Value,PLL1R,PLL2FRACN,PLL2N,PLL2PoutputFreq_Value,PLL2QoutputFreq_Value,PLL2R,PLL2RoutputFreq_Value,PLL2Source,PLL3PoutputFreq_Value,PLL3QoutputFreq_Value,PLL3RoutputFreq_Value,PLL3Source,PLLN,PLLPoutputFreq_Value,PLLQoutputFreq_Value,PLLRCLKFreq_Value,PLLSourceVirtual,RNGFreq_Value,SAESFreq_Value,SAI1Freq_Value,SAI2Freq_Value,SDMMCFreq_Value,SPI1CLockSelection,SPI1Freq_Value,SPI2Freq_Value,SPI3CLockSelection,SPI3Freq_Value,SYSCLKFreq_VALUE,SYSCLKSource,UART4Freq_Value,UART5Freq_Value,USART1Freq_Value,USART2Freq_Value,USART3Freq_Value,USART6Freq_Value,USBPHYFreq_Value,VCOInput2Freq_Value,VCOInput3Freq_Value,VCOInputFreq_Value,VCOOutputFreq_Value,VCOPLL2OutputFreq_Value,VCOPLL3OutputFreq_Value
RCC.LPTIM2Freq_Value=64000000
RCC.LPUART1Freq_Value=64000000
RCC.LSCOPinFreq_Value=32000
RCC.LSE_VALUE=32768
RCC.LSIDIV_VALUE=32000
RCC.LSI_VALUE=32000
RCC.LTDCFreq_Value=8000000
RCC.MCO1PinFreq_Value=128000000
RCC.MDF1Freq_Value=64000000
RCC.MSI_VALUE=4000000
RCC.OCTOSPIMFreq_Value=128000000
RCC.PLL1R=1
RCC.PLL2FRACN=0
RCC.PLL2N=8
RCC.PLL2PoutputFreq_Value=64000000
RCC.PLL2QoutputFreq_Value=64000000
RCC.PLL2R=16
RCC.PLL2RoutputFreq_Value=8000000
RCC.PLL2Source=RCC_PLLSOURCE_HSE
RCC.PLL3PoutputFreq_Value=1032000000
RCC.PLL3QoutputFreq_Value=1032000000
RCC.PLL3RoutputFreq_Value=1032000000
RCC.PLL3Source=RCC_PLLSOURCE_HSE
RCC.PLLN=8
RCC.PLLPoutputFreq_Value=64000000
RCC.PLLQoutputFreq_Value=64000000
RCC.PLLRCLKFreq_Value=128000000
RCC.PLLSourceVirtual=RCC_PLLSOURCE_HSE
RCC.RNGFreq_Value=48000000
RCC.SAESFreq_Value=48000000
RCC.SAI1Freq_Value=64000000
RCC.SAI2Freq_Value=64000000
RCC.SDMMCFreq_Value=64000000
RCC.SPI1CLockSelection=RCC_SPI1CLKSOURCE_MSIK
RCC.SPI1Freq_Value=4000000
RCC.SPI2Freq_Value=128000000
RCC.SPI3CLockSelection=RCC_SPI3CLKSOURCE_MSIK
RCC.SPI3Freq_Value=4000000
RCC.SYSCLKFreq_VALUE=128000000
RCC.SYSCLKSource=RCC_SYSCLKSOURCE_PLLCLK
RCC.UART4Freq_Value=64000000
RCC.UART5Freq_Value=64000000
RCC.USART1Freq_Value=64000000
RCC.USART2Freq_Value=64000000
RCC.USART3Freq_Value=64000000
RCC.USART6Freq_Value=64000000
RCC.USBPHYFreq_Value=64000000
RCC.VCOInput2Freq_Value=16000000
RCC.VCOInput3Freq_Value=16000000
RCC.VCOInputFreq_Value=16000000
RCC.VCOOutputFreq_Value=128000000
RCC.VCOPLL2OutputFreq_Value=128000000
RCC.VCOPLL3OutputFreq_Value=2064000000
SH.S_TIM15_CH1.0=TIM15_CH1,PWM Generation1 CH1
SH.S_TIM15_CH1.ConfNb=1
SH.S_TIM4_CH4.0=TIM4_CH4,Input_Capture4_from_TI4
SH.S_TIM4_CH4.ConfNb=1
SPI1.BaudRatePrescaler=SPI_BAUDRATEPRESCALER_8
SPI1.CalculateBaudRate=500.0 KBits/s
SPI1.DataSize=SPI_DATASIZE_8BIT
SPI1.Direction=SPI_DIRECTION_1LINE
SPI1.IPParameters=VirtualType,Mode,Direction,CalculateBaudRate,DataSize,BaudRatePrescaler
SPI1.Mode=SPI_MODE_MASTER
SPI1.VirtualType=VM_MASTER
STMicroelectronics.X-CUBE-TOUCHGFX.4.24.0.ApplicationCcGraphicsJjApplication=TouchGFXOoGenerator
STMicroelectronics.X-CUBE-TOUCHGFX.4.24.0.GraphicsJjApplication_Checked=true
STMicroelectronics.X-CUBE-TOUCHGFX.4.24.0.IPParameters=tgfx_buffering_strategy,tgfx_vsync,tgfx_display_interface,ApplicationCcGraphicsJjApplication
STMicroelectronics.X-CUBE-TOUCHGFX.4.24.0.tgfx_buffering_strategy=Double
STMicroelectronics.X-CUBE-TOUCHGFX.4.24.0.tgfx_display_interface=disp_ltdc
STMicroelectronics.X-CUBE-TOUCHGFX.4.24.0.tgfx_vsync=vsync_ltdc
STMicroelectronics.X-CUBE-TOUCHGFX.4.24.0_IsPackSelfContextualization=true
STMicroelectronics.X-CUBE-TOUCHGFX.4.24.0_SwParameter=ApplicationCcGraphicsJjApplication\:TouchGFXOoGenerator;
TIM1.Channel-PWM\ Generation1\ CH1N=TIM_CHANNEL_1
TIM1.IPParameters=Channel-PWM Generation1 CH1N,Prescaler,PeriodNoDither,PulseNoDither_1
TIM1.PeriodNoDither=53
TIM1.Prescaler=0
TIM1.PulseNoDither_1=250
TIM15.Channel-PWM\ Generation1\ CH1=TIM_CHANNEL_1
TIM15.IPParameters=Channel-PWM Generation1 CH1,Prescaler,PeriodNoDither
TIM15.PeriodNoDither=625
TIM15.Prescaler=40
TIM4.Channel-Input_Capture4_from_TI4=TIM_CHANNEL_4
TIM4.ICPolarity_CH4=TIM_INPUTCHANNELPOLARITY_FALLING
TIM4.IPParameters=Channel-Input_Capture4_from_TI4,PeriodNoDither,ICPolarity_CH4
TIM4.PeriodNoDither=0xFFFFFFFF
TIM6.AutoReloadPreload=TIM_AUTORELOAD_PRELOAD_ENABLE
TIM6.IPParameters=Prescaler,AutoReloadPreload,PeriodNoDither
TIM6.PeriodNoDither=1
TIM6.Prescaler=64000
TIM7.AutoReloadPreload=TIM_AUTORELOAD_PRELOAD_ENABLE
TIM7.IPParameters=Prescaler,PeriodNoDither,AutoReloadPreload
TIM7.PeriodNoDither=1
TIM7.Prescaler=64000
VP_CRC_VS_CRC.Mode=CRC_Activate
VP_CRC_VS_CRC.Signal=CRC_VS_CRC
VP_ICACHE_VS_ICACHE.Mode=DirectMappedCache
VP_ICACHE_VS_ICACHE.Signal=ICACHE_VS_ICACHE
VP_IWDG_VS_IWDG.Mode=IWDG_Activate
VP_IWDG_VS_IWDG.Signal=IWDG_VS_IWDG
VP_LPBAMQUEUE_VS_QUEUE.Mode=QUEUEMODE
VP_LPBAMQUEUE_VS_QUEUE.Signal=LPBAMQUEUE_VS_QUEUE
VP_LPBAM_VS_SIG1.Mode=SmartRun
VP_LPBAM_VS_SIG1.Signal=LPBAM_VS_SIG1
VP_LPBAM_VS_SIG4.Mode=LPDMA1
VP_LPBAM_VS_SIG4.Signal=LPBAM_VS_SIG4
VP_MEMORYMAP_VS_MEMORYMAP.Mode=CurAppReg
VP_MEMORYMAP_VS_MEMORYMAP.Signal=MEMORYMAP_VS_MEMORYMAP
VP_PWR_VS_SECSignals.Mode=Security/Privilege
VP_PWR_VS_SECSignals.Signal=PWR_VS_SECSignals
VP_PWR_Vdda.Mode=isolationVdda
VP_PWR_Vdda.Signal=PWR_Vdda
VP_STMicroelectronics.X-CUBE-TOUCHGFX_VS_GraphicsJjApplication_4.24.0.Mode=GraphicsJjApplication
VP_STMicroelectronics.X-CUBE-TOUCHGFX_VS_GraphicsJjApplication_4.24.0.Signal=STMicroelectronics.X-CUBE-TOUCHGFX_VS_GraphicsJjApplication_4.24.0
VP_SYS_VS_Systick.Mode=SysTick
VP_SYS_VS_Systick.Signal=SYS_VS_Systick
VP_TIM15_VS_ClockSourceINT.Mode=Internal
VP_TIM15_VS_ClockSourceINT.Signal=TIM15_VS_ClockSourceINT
VP_TIM6_VS_ClockSourceINT.Mode=Enable_Timer
VP_TIM6_VS_ClockSourceINT.Signal=TIM6_VS_ClockSourceINT
VP_TIM7_VS_ClockSourceINT.Mode=Enable_Timer
VP_TIM7_VS_ClockSourceINT.Signal=TIM7_VS_ClockSourceINT
board=custom
isbadioc=false
